<?xml version="1.0" encoding="utf-8"?>
<Project ToolsVersion="4.0" xmlns="http://schemas.microsoft.com/developer/msbuild/2003">
  <ItemGroup>
    <Filter Include="Resource Files">
      <UniqueIdentifier>{67DA6AB6-F800-4c08-8B7A-83BB121AAD01}</UniqueIdentifier>
      <Extensions>rc;ico;cur;bmp;dlg;rc2;rct;bin;rgs;gif;jpg;jpeg;jpe;resx;tiff;tif;png;wav;mfcribbon-ms</Extensions>
    </Filter>
    <Filter Include="Main">
      <UniqueIdentifier>{bc8cee07-c87e-4485-9d60-c984151fa5fc}</UniqueIdentifier>
    </Filter>
    <Filter Include="Utilities">
      <UniqueIdentifier>{8293ed6e-638d-4f43-816e-4eff87068063}</UniqueIdentifier>
    </Filter>
    <Filter Include="Input">
      <UniqueIdentifier>{4ec91f01-df43-4da2-8228-26de1e89dec1}</UniqueIdentifier>
    </Filter>
    <Filter Include="EventManager">
      <UniqueIdentifier>{60bba05f-855e-4d96-b567-3a4abe6db082}</UniqueIdentifier>
    </Filter>
    <Filter Include="Scene">
      <UniqueIdentifier>{0f1d547a-fbf5-4391-b577-e1b2c0ccb012}</UniqueIdentifier>
    </Filter>
    <Filter Include="GameObject">
      <UniqueIdentifier>{62f7cd11-c3ef-4409-9046-61da93b82d1b}</UniqueIdentifier>
    </Filter>
    <Filter Include="TestGame">
      <UniqueIdentifier>{3e7ba783-d50f-4299-a4de-533dd87550a7}</UniqueIdentifier>
    </Filter>
    <Filter Include="Physics">
      <UniqueIdentifier>{35b0b0a0-d47e-43c4-abd0-7119f73de00b}</UniqueIdentifier>
    </Filter>
  </ItemGroup>
  <ItemGroup>
    <ClInclude Include="..\Main\Init.h">
      <Filter>Main</Filter>
    </ClInclude>
    <ClInclude Include="..\Input\InputInterface.h">
      <Filter>Input</Filter>
    </ClInclude>
    <ClInclude Include="..\Utilities\types.h">
      <Filter>Utilities</Filter>
    </ClInclude>
    <ClInclude Include="SomaStd.h" />
    <ClInclude Include="..\EventManager\EventManager.h">
      <Filter>EventManager</Filter>
    </ClInclude>
    <ClInclude Include="..\EventManager\Events.h">
      <Filter>EventManager</Filter>
    </ClInclude>
    <ClInclude Include="..\Utilities\templates.h">
      <Filter>Utilities</Filter>
    </ClInclude>
    <ClInclude Include="..\EventManager\EventTester.h">
      <Filter>EventManager</Filter>
    </ClInclude>
    <ClInclude Include="..\Main\SomaApp.h">
      <Filter>Main</Filter>
    </ClInclude>
    <ClInclude Include="..\Scene\Scene.h">
      <Filter>Scene</Filter>
    </ClInclude>
    <ClInclude Include="..\Scene\SceneNode.h">
      <Filter>Scene</Filter>
    </ClInclude>
    <ClInclude Include="..\GameObject\GameObject.h">
      <Filter>GameObject</Filter>
    </ClInclude>
    <ClInclude Include="..\GameObject\Component.h">
      <Filter>GameObject</Filter>
    </ClInclude>
    <ClInclude Include="..\GameObject\Transform.h">
      <Filter>GameObject</Filter>
    </ClInclude>
    <ClInclude Include="..\GameObject\SpriteRenderer.h">
      <Filter>GameObject</Filter>
    </ClInclude>
    <ClInclude Include="..\GameObject\Renderer.h">
      <Filter>GameObject</Filter>
    </ClInclude>
    <ClInclude Include="..\GameObject\Components\AudioSource.h">
      <Filter>GameObject</Filter>
    </ClInclude>
    <ClInclude Include="..\GameObject\Components\Collider.h">
      <Filter>GameObject</Filter>
    </ClInclude>
    <ClInclude Include="..\GameObject\Components\BoxCollider.h">
      <Filter>GameObject</Filter>
    </ClInclude>
    <ClInclude Include="..\GameObject\Components\Rigidbody.h">
      <Filter>GameObject</Filter>
    </ClInclude>
    <ClInclude Include="..\Physics\PhysicsEngine.h">
      <Filter>Physics</Filter>
    </ClInclude>
  </ItemGroup>
  <ItemGroup>
    <ClCompile Include="..\Main\Init.cpp">
      <Filter>Main</Filter>
    </ClCompile>
    <ClCompile Include="..\Main\Main.cpp">
      <Filter>Main</Filter>
    </ClCompile>
    <ClCompile Include="..\EventManager\EventManager.cpp">
      <Filter>EventManager</Filter>
    </ClCompile>
    <ClCompile Include="..\EventManager\Events.cpp">
      <Filter>EventManager</Filter>
    </ClCompile>
    <ClCompile Include="..\Main\SomaApp.cpp">
      <Filter>Main</Filter>
    </ClCompile>
    <ClCompile Include="..\Scene\Scene.cpp">
      <Filter>Scene</Filter>
    </ClCompile>
    <ClCompile Include="..\Scene\SceneNode.cpp">
      <Filter>Scene</Filter>
    </ClCompile>
    <ClCompile Include="..\GameObject\GameObject.cpp">
      <Filter>GameObject</Filter>
    </ClCompile>
    <ClCompile Include="..\GameObject\Component.cpp">
      <Filter>GameObject</Filter>
    </ClCompile>
    <ClCompile Include="..\GameObject\Transform.cpp">
      <Filter>GameObject</Filter>
    </ClCompile>
    <ClCompile Include="..\GameObject\SpriteRenderer.cpp">
      <Filter>GameObject</Filter>
    </ClCompile>
    <ClCompile Include="..\GameObject\Renderer.cpp">
      <Filter>GameObject</Filter>
    </ClCompile>
    <ClCompile Include="..\GameObject\Components\AudioSource.cpp">
      <Filter>GameObject</Filter>
    </ClCompile>
    <ClCompile Include="..\GameObject\Components\Collider.cpp">
      <Filter>GameObject</Filter>
    </ClCompile>
    <ClCompile Include="..\GameObject\Components\BoxCollider.cpp">
      <Filter>GameObject</Filter>
    </ClCompile>
    <ClCompile Include="..\GameObject\Components\Rigidbody.cpp">
      <Filter>GameObject</Filter>
    </ClCompile>
    <ClCompile Include="..\Physics\PhysicsEngine.cpp">
      <Filter>Physics</Filter>
    </ClCompile>
  </ItemGroup>
</Project>