<?xml version="1.0" encoding="utf-8"?>
<Project ToolsVersion="4.0" xmlns="http://schemas.microsoft.com/developer/msbuild/2003">
  <ItemGroup>
    <Filter Include="Resource Files">
      <UniqueIdentifier>{67DA6AB6-F800-4c08-8B7A-83BB121AAD01}</UniqueIdentifier>
      <Extensions>rc;ico;cur;bmp;dlg;rc2;rct;bin;rgs;gif;jpg;jpeg;jpe;resx;tiff;tif;png;wav;mfcribbon-ms</Extensions>
    </Filter>
    <Filter Include="Main">
      <UniqueIdentifier>{bc8cee07-c87e-4485-9d60-c984151fa5fc}</UniqueIdentifier>
    </Filter>
    <Filter Include="Utilities">
      <UniqueIdentifier>{8293ed6e-638d-4f43-816e-4eff87068063}</UniqueIdentifier>
    </Filter>
    <Filter Include="Input">
      <UniqueIdentifier>{4ec91f01-df43-4da2-8228-26de1e89dec1}</UniqueIdentifier>
    </Filter>
    <Filter Include="EventManager">
      <UniqueIdentifier>{60bba05f-855e-4d96-b567-3a4abe6db082}</UniqueIdentifier>
    </Filter>
  </ItemGroup>
  <ItemGroup>
    <ClInclude Include="..\Main\AppLayer.h">
      <Filter>Main</Filter>
    </ClInclude>
    <ClInclude Include="..\Main\AppLayerStd.h">
      <Filter>Main</Filter>
    </ClInclude>
    <ClInclude Include="..\Main\Init.h">
      <Filter>Main</Filter>
    </ClInclude>
    <ClInclude Include="..\Input\InputInterface.h">
      <Filter>Input</Filter>
    </ClInclude>
    <ClInclude Include="..\Utilities\types.h">
      <Filter>Utilities</Filter>
    </ClInclude>
    <ClInclude Include="SomaStd.h" />
    <ClInclude Include="..\EventManager\EventManager.h">
      <Filter>EventManager</Filter>
    </ClInclude>
    <ClInclude Include="..\EventManager\Events.h">
      <Filter>EventManager</Filter>
    </ClInclude>
    <ClInclude Include="..\Utilities\templates.h">
      <Filter>Utilities</Filter>
    </ClInclude>
    <ClInclude Include="..\EventManager\EventTester.h">
      <Filter>EventManager</Filter>
    </ClInclude>
  </ItemGroup>
  <ItemGroup>
    <ClCompile Include="..\Main\Init.cpp">
      <Filter>Main</Filter>
    </ClCompile>
    <ClCompile Include="..\Main\Main.cpp">
      <Filter>Main</Filter>
    </ClCompile>
    <ClCompile Include="..\Main\AppLayer.cpp">
      <Filter>Main</Filter>
    </ClCompile>
    <ClCompile Include="..\Main\AppLayerStd.cpp">
      <Filter>Main</Filter>
    </ClCompile>
    <ClCompile Include="SomaStd.cpp" />
    <ClCompile Include="..\EventManager\EventManager.cpp">
      <Filter>EventManager</Filter>
    </ClCompile>
    <ClCompile Include="..\EventManager\Events.cpp">
      <Filter>EventManager</Filter>
    </ClCompile>
  </ItemGroup>
</Project>